// !$*UTF8*$!
{
	archiveVersion = 1;
	classes = {
	};
	objectVersion = 56;
	objects = {

/* Begin PBXBuildFile section */
		BD0528EE2A4B5F1E0038855C /* finalprojectApp.swift in Sources */ = {isa = PBXBuildFile; fileRef = BD0528ED2A4B5F1E0038855C /* finalprojectApp.swift */; };
		BD0528F02A4B5F1E0038855C /* ContentView.swift in Sources */ = {isa = PBXBuildFile; fileRef = BD0528EF2A4B5F1E0038855C /* ContentView.swift */; };
		BD0528F22A4B5F1F0038855C /* Assets.xcassets in Resources */ = {isa = PBXBuildFile; fileRef = BD0528F12A4B5F1F0038855C /* Assets.xcassets */; };
		BD0528F52A4B5F1F0038855C /* Preview Assets.xcassets in Resources */ = {isa = PBXBuildFile; fileRef = BD0528F42A4B5F1F0038855C /* Preview Assets.xcassets */; };
		BD0528FF2A4B5F1F0038855C /* finalprojectTests.swift in Sources */ = {isa = PBXBuildFile; fileRef = BD0528FE2A4B5F1F0038855C /* finalprojectTests.swift */; };
		BD0529092A4B5F1F0038855C /* finalprojectUITests.swift in Sources */ = {isa = PBXBuildFile; fileRef = BD0529082A4B5F1F0038855C /* finalprojectUITests.swift */; };
		BD05290B2A4B5F1F0038855C /* finalprojectUITestsLaunchTests.swift in Sources */ = {isa = PBXBuildFile; fileRef = BD05290A2A4B5F1F0038855C /* finalprojectUITestsLaunchTests.swift */; };
/* End PBXBuildFile section */

/* Begin PBXContainerItemProxy section */
		BD0528FB2A4B5F1F0038855C /* PBXContainerItemProxy */ = {
			isa = PBXContainerItemProxy;
			containerPortal = BD0528E22A4B5F1E0038855C /* Project object */;
			proxyType = 1;
			remoteGlobalIDString = BD0528E92A4B5F1E0038855C;
			remoteInfo = finalproject;
		};
		BD0529052A4B5F1F0038855C /* PBXContainerItemProxy */ = {
			isa = PBXContainerItemProxy;
			containerPortal = BD0528E22A4B5F1E0038855C /* Project object */;
			proxyType = 1;
			remoteGlobalIDString = BD0528E92A4B5F1E0038855C;
			remoteInfo = finalproject;
		};
/* End PBXContainerItemProxy section */

/* Begin PBXFileReference section */
		BD0528EA2A4B5F1E0038855C /* finalproject.app */ = {isa = PBXFileReference; explicitFileType = wrapper.application; includeInIndex = 0; path = finalproject.app; sourceTree = BUILT_PRODUCTS_DIR; };
		BD0528ED2A4B5F1E0038855C /* finalprojectApp.swift */ = {isa = PBXFileReference; lastKnownFileType = sourcecode.swift; path = finalprojectApp.swift; sourceTree = "<group>"; };
		BD0528EF2A4B5F1E0038855C /* ContentView.swift */ = {isa = PBXFileReference; lastKnownFileType = sourcecode.swift; path = ContentView.swift; sourceTree = "<group>"; };
		BD0528F12A4B5F1F0038855C /* Assets.xcassets */ = {isa = PBXFileReference; lastKnownFileType = folder.assetcatalog; path = Assets.xcassets; sourceTree = "<group>"; };
		BD0528F42A4B5F1F0038855C /* Preview Assets.xcassets */ = {isa = PBXFileReference; lastKnownFileType = folder.assetcatalog; path = "Preview Assets.xcassets"; sourceTree = "<group>"; };
		BD0528FA2A4B5F1F0038855C /* finalprojectTests.xctest */ = {isa = PBXFileReference; explicitFileType = wrapper.cfbundle; includeInIndex = 0; path = finalprojectTests.xctest; sourceTree = BUILT_PRODUCTS_DIR; };
		BD0528FE2A4B5F1F0038855C /* finalprojectTests.swift */ = {isa = PBXFileReference; lastKnownFileType = sourcecode.swift; path = finalprojectTests.swift; sourceTree = "<group>"; };
		BD0529042A4B5F1F0038855C /* finalprojectUITests.xctest */ = {isa = PBXFileReference; explicitFileType = wrapper.cfbundle; includeInIndex = 0; path = finalprojectUITests.xctest; sourceTree = BUILT_PRODUCTS_DIR; };
		BD0529082A4B5F1F0038855C /* finalprojectUITests.swift */ = {isa = PBXFileReference; lastKnownFileType = sourcecode.swift; path = finalprojectUITests.swift; sourceTree = "<group>"; };
		BD05290A2A4B5F1F0038855C /* finalprojectUITestsLaunchTests.swift */ = {isa = PBXFileReference; lastKnownFileType = sourcecode.swift; path = finalprojectUITestsLaunchTests.swift; sourceTree = "<group>"; };
/* End PBXFileReference section */

/* Begin PBXFrameworksBuildPhase section */
		BD0528E72A4B5F1E0038855C /* Frameworks */ = {
			isa = PBXFrameworksBuildPhase;
			buildActionMask = 2147483647;
			files = (
			);
			runOnlyForDeploymentPostprocessing = 0;
		};
		BD0528F72A4B5F1F0038855C /* Frameworks */ = {
			isa = PBXFrameworksBuildPhase;
			buildActionMask = 2147483647;
			files = (
			);
			runOnlyForDeploymentPostprocessing = 0;
		};
		BD0529012A4B5F1F0038855C /* Frameworks */ = {
			isa = PBXFrameworksBuildPhase;
			buildActionMask = 2147483647;
			files = (
			);
			runOnlyForDeploymentPostprocessing = 0;
		};
/* End PBXFrameworksBuildPhase section */

/* Begin PBXGroup section */
		BD0528E12A4B5F1E0038855C = {
			isa = PBXGroup;
			children = (
				BD0528EC2A4B5F1E0038855C /* finalproject */,
				BD0528FD2A4B5F1F0038855C /* finalprojectTests */,
				BD0529072A4B5F1F0038855C /* finalprojectUITests */,
				BD0528EB2A4B5F1E0038855C /* Products */,
			);
			sourceTree = "<group>";
		};
		BD0528EB2A4B5F1E0038855C /* Products */ = {
			isa = PBXGroup;
			children = (
				BD0528EA2A4B5F1E0038855C /* finalproject.app */,
				BD0528FA2A4B5F1F0038855C /* finalprojectTests.xctest */,
				BD0529042A4B5F1F0038855C /* finalprojectUITests.xctest */,
			);
			name = Products;
			sourceTree = "<group>";
		};
		BD0528EC2A4B5F1E0038855C /* finalproject */ = {
			isa = PBXGroup;
			children = (
				BD0528ED2A4B5F1E0038855C /* finalprojectApp.swift */,
				BD0528EF2A4B5F1E0038855C /* ContentView.swift */,
				BD0528F12A4B5F1F0038855C /* Assets.xcassets */,
				BD0528F32A4B5F1F0038855C /* Preview Content */,
			);
			path = finalproject;
			sourceTree = "<group>";
		};
		BD0528F32A4B5F1F0038855C /* Preview Content */ = {
			isa = PBXGroup;
			children = (
				BD0528F42A4B5F1F0038855C /* Preview Assets.xcassets */,
			);
			path = "Preview Content";
			sourceTree = "<group>";
		};
		BD0528FD2A4B5F1F0038855C /* finalprojectTests */ = {
			isa = PBXGroup;
			children = (
				BD0528FE2A4B5F1F0038855C /* finalprojectTests.swift */,
			);
			path = finalprojectTests;
			sourceTree = "<group>";
		};
		BD0529072A4B5F1F0038855C /* finalprojectUITests */ = {
			isa = PBXGroup;
			children = (
				BD0529082A4B5F1F0038855C /* finalprojectUITests.swift */,
				BD05290A2A4B5F1F0038855C /* finalprojectUITestsLaunchTests.swift */,
			);
			path = finalprojectUITests;
			sourceTree = "<group>";
		};
/* End PBXGroup section */

/* Begin PBXNativeTarget section */
		BD0528E92A4B5F1E0038855C /* finalproject */ = {
			isa = PBXNativeTarget;
			buildConfigurationList = BD05290E2A4B5F1F0038855C /* Build configuration list for PBXNativeTarget "finalproject" */;
			buildPhases = (
				BD0528E62A4B5F1E0038855C /* Sources */,
				BD0528E72A4B5F1E0038855C /* Frameworks */,
				BD0528E82A4B5F1E0038855C /* Resources */,
			);
			buildRules = (
			);
			dependencies = (
			);
			name = finalproject;
			productName = finalproject;
			productReference = BD0528EA2A4B5F1E0038855C /* finalproject.app */;
			productType = "com.apple.product-type.application";
		};
		BD0528F92A4B5F1F0038855C /* finalprojectTests */ = {
			isa = PBXNativeTarget;
			buildConfigurationList = BD0529112A4B5F1F0038855C /* Build configuration list for PBXNativeTarget "finalprojectTests" */;
			buildPhases = (
				BD0528F62A4B5F1F0038855C /* Sources */,
				BD0528F72A4B5F1F0038855C /* Frameworks */,
				BD0528F82A4B5F1F0038855C /* Resources */,
			);
			buildRules = (
			);
			dependencies = (
				BD0528FC2A4B5F1F0038855C /* PBXTargetDependency */,
			);
			name = finalprojectTests;
			productName = finalprojectTests;
			productReference = BD0528FA2A4B5F1F0038855C /* finalprojectTests.xctest */;
			productType = "com.apple.product-type.bundle.unit-test";
		};
		BD0529032A4B5F1F0038855C /* finalprojectUITests */ = {
			isa = PBXNativeTarget;
			buildConfigurationList = BD0529142A4B5F1F0038855C /* Build configuration list for PBXNativeTarget "finalprojectUITests" */;
			buildPhases = (
				BD0529002A4B5F1F0038855C /* Sources */,
				BD0529012A4B5F1F0038855C /* Frameworks */,
				BD0529022A4B5F1F0038855C /* Resources */,
			);
			buildRules = (
			);
			dependencies = (
				BD0529062A4B5F1F0038855C /* PBXTargetDependency */,
			);
			name = finalprojectUITests;
			productName = finalprojectUITests;
			productReference = BD0529042A4B5F1F0038855C /* finalprojectUITests.xctest */;
			productType = "com.apple.product-type.bundle.ui-testing";
		};
/* End PBXNativeTarget section */

/* Begin PBXProject section */
		BD0528E22A4B5F1E0038855C /* Project object */ = {
			isa = PBXProject;
			attributes = {
				BuildIndependentTargetsInParallel = 1;
				LastSwiftUpdateCheck = 1430;
				LastUpgradeCheck = 1430;
				TargetAttributes = {
					BD0528E92A4B5F1E0038855C = {
						CreatedOnToolsVersion = 14.3.1;
					};
					BD0528F92A4B5F1F0038855C = {
						CreatedOnToolsVersion = 14.3.1;
						TestTargetID = BD0528E92A4B5F1E0038855C;
					};
					BD0529032A4B5F1F0038855C = {
						CreatedOnToolsVersion = 14.3.1;
						TestTargetID = BD0528E92A4B5F1E0038855C;
					};
				};
			};
			buildConfigurationList = BD0528E52A4B5F1E0038855C /* Build configuration list for PBXProject "finalproject" */;
			compatibilityVersion = "Xcode 14.0";
			developmentRegion = en;
			hasScannedForEncodings = 0;
			knownRegions = (
				en,
				Base,
			);
			mainGroup = BD0528E12A4B5F1E0038855C;
			productRefGroup = BD0528EB2A4B5F1E0038855C /* Products */;
			projectDirPath = "";
			projectRoot = "";
			targets = (
				BD0528E92A4B5F1E0038855C /* finalproject */,
				BD0528F92A4B5F1F0038855C /* finalprojectTests */,
				BD0529032A4B5F1F0038855C /* finalprojectUITests */,
			);
		};
/* End PBXProject section */

/* Begin PBXResourcesBuildPhase section */
		BD0528E82A4B5F1E0038855C /* Resources */ = {
			isa = PBXResourcesBuildPhase;
			buildActionMask = 2147483647;
			files = (
				BD0528F52A4B5F1F0038855C /* Preview Assets.xcassets in Resources */,
				BD0528F22A4B5F1F0038855C /* Assets.xcassets in Resources */,
			);
			runOnlyForDeploymentPostprocessing = 0;
		};
		BD0528F82A4B5F1F0038855C /* Resources */ = {
			isa = PBXResourcesBuildPhase;
			buildActionMask = 2147483647;
			files = (
			);
			runOnlyForDeploymentPostprocessing = 0;
		};
		BD0529022A4B5F1F0038855C /* Resources */ = {
			isa = PBXResourcesBuildPhase;
			buildActionMask = 2147483647;
			files = (
			);
			runOnlyForDeploymentPostprocessing = 0;
		};
/* End PBXResourcesBuildPhase section */

/* Begin PBXSourcesBuildPhase section */
		BD0528E62A4B5F1E0038855C /* Sources */ = {
			isa = PBXSourcesBuildPhase;
			buildActionMask = 2147483647;
			files = (
				BD0528F02A4B5F1E0038855C /* ContentView.swift in Sources */,
				BD0528EE2A4B5F1E0038855C /* finalprojectApp.swift in Sources */,
			);
			runOnlyForDeploymentPostprocessing = 0;
		};
		BD0528F62A4B5F1F0038855C /* Sources */ = {
			isa = PBXSourcesBuildPhase;
			buildActionMask = 2147483647;
			files = (
				BD0528FF2A4B5F1F0038855C /* finalprojectTests.swift in Sources */,
			);
			runOnlyForDeploymentPostprocessing = 0;
		};
		BD0529002A4B5F1F0038855C /* Sources */ = {
			isa = PBXSourcesBuildPhase;
			buildActionMask = 2147483647;
			files = (
				BD0529092A4B5F1F0038855C /* finalprojectUITests.swift in Sources */,
				BD05290B2A4B5F1F0038855C /* finalprojectUITestsLaunchTests.swift in Sources */,
			);
			runOnlyForDeploymentPostprocessing = 0;
		};
/* End PBXSourcesBuildPhase section */

/* Begin PBXTargetDependency section */
		BD0528FC2A4B5F1F0038855C /* PBXTargetDependency */ = {
			isa = PBXTargetDependency;
			target = BD0528E92A4B5F1E0038855C /* finalproject */;
			targetProxy = BD0528FB2A4B5F1F0038855C /* PBXContainerItemProxy */;
		};
		BD0529062A4B5F1F0038855C /* PBXTargetDependency */ = {
			isa = PBXTargetDependency;
			target = BD0528E92A4B5F1E0038855C /* finalproject */;
			targetProxy = BD0529052A4B5F1F0038855C /* PBXContainerItemProxy */;
		};
/* End PBXTargetDependency section */

/* Begin XCBuildConfiguration section */
		BD05290C2A4B5F1F0038855C /* Debug */ = {
			isa = XCBuildConfiguration;
			buildSettings = {
				ALWAYS_SEARCH_USER_PATHS = NO;
				CLANG_ANALYZER_NONNULL = YES;
				CLANG_ANALYZER_NUMBER_OBJECT_CONVERSION = YES_AGGRESSIVE;
				CLANG_CXX_LANGUAGE_STANDARD = "gnu++20";
				CLANG_ENABLE_MODULES = YES;
				CLANG_ENABLE_OBJC_ARC = YES;
				CLANG_ENABLE_OBJC_WEAK = YES;
				CLANG_WARN_BLOCK_CAPTURE_AUTORELEASING = YES;
				CLANG_WARN_BOOL_CONVERSION = YES;
				CLANG_WARN_COMMA = YES;
				CLANG_WARN_CONSTANT_CONVERSION = YES;
				CLANG_WARN_DEPRECATED_OBJC_IMPLEMENTATIONS = YES;
				CLANG_WARN_DIRECT_OBJC_ISA_USAGE = YES_ERROR;
				CLANG_WARN_DOCUMENTATION_COMMENTS = YES;
				CLANG_WARN_EMPTY_BODY = YES;
				CLANG_WARN_ENUM_CONVERSION = YES;
				CLANG_WARN_INFINITE_RECURSION = YES;
				CLANG_WARN_INT_CONVERSION = YES;
				CLANG_WARN_NON_LITERAL_NULL_CONVERSION = YES;
				CLANG_WARN_OBJC_IMPLICIT_RETAIN_SELF = YES;
				CLANG_WARN_OBJC_LITERAL_CONVERSION = YES;
				CLANG_WARN_OBJC_ROOT_CLASS = YES_ERROR;
				CLANG_WARN_QUOTED_INCLUDE_IN_FRAMEWORK_HEADER = YES;
				CLANG_WARN_RANGE_LOOP_ANALYSIS = YES;
				CLANG_WARN_STRICT_PROTOTYPES = YES;
				CLANG_WARN_SUSPICIOUS_MOVE = YES;
				CLANG_WARN_UNGUARDED_AVAILABILITY = YES_AGGRESSIVE;
				CLANG_WARN_UNREACHABLE_CODE = YES;
				CLANG_WARN__DUPLICATE_METHOD_MATCH = YES;
				COPY_PHASE_STRIP = NO;
				DEBUG_INFORMATION_FORMAT = dwarf;
				ENABLE_STRICT_OBJC_MSGSEND = YES;
				ENABLE_TESTABILITY = YES;
				GCC_C_LANGUAGE_STANDARD = gnu11;
				GCC_DYNAMIC_NO_PIC = NO;
				GCC_NO_COMMON_BLOCKS = YES;
				GCC_OPTIMIZATION_LEVEL = 0;
				GCC_PREPROCESSOR_DEFINITIONS = (
					"DEBUG=1",
					"$(inherited)",
				);
				GCC_WARN_64_TO_32_BIT_CONVERSION = YES;
				GCC_WARN_ABOUT_RETURN_TYPE = YES_ERROR;
				GCC_WARN_UNDECLARED_SELECTOR = YES;
				GCC_WARN_UNINITIALIZED_AUTOS = YES_AGGRESSIVE;
				GCC_WARN_UNUSED_FUNCTION = YES;
				GCC_WARN_UNUSED_VARIABLE = YES;
				IPHONEOS_DEPLOYMENT_TARGET = 16.4;
				MTL_ENABLE_DEBUG_INFO = INCLUDE_SOURCE;
				MTL_FAST_MATH = YES;
				ONLY_ACTIVE_ARCH = YES;
				SDKROOT = iphoneos;
				SWIFT_ACTIVE_COMPILATION_CONDITIONS = DEBUG;
				SWIFT_OPTIMIZATION_LEVEL = "-Onone";
			};
			name = Debug;
		};
		BD05290D2A4B5F1F0038855C /* Release */ = {
			isa = XCBuildConfiguration;
			buildSettings = {
				ALWAYS_SEARCH_USER_PATHS = NO;
				CLANG_ANALYZER_NONNULL = YES;
				CLANG_ANALYZER_NUMBER_OBJECT_CONVERSION = YES_AGGRESSIVE;
				CLANG_CXX_LANGUAGE_STANDARD = "gnu++20";
				CLANG_ENABLE_MODULES = YES;
				CLANG_ENABLE_OBJC_ARC = YES;
				CLANG_ENABLE_OBJC_WEAK = YES;
				CLANG_WARN_BLOCK_CAPTURE_AUTORELEASING = YES;
				CLANG_WARN_BOOL_CONVERSION = YES;
				CLANG_WARN_COMMA = YES;
				CLANG_WARN_CONSTANT_CONVERSION = YES;
				CLANG_WARN_DEPRECATED_OBJC_IMPLEMENTATIONS = YES;
				CLANG_WARN_DIRECT_OBJC_ISA_USAGE = YES_ERROR;
				CLANG_WARN_DOCUMENTATION_COMMENTS = YES;
				CLANG_WARN_EMPTY_BODY = YES;
				CLANG_WARN_ENUM_CONVERSION = YES;
				CLANG_WARN_INFINITE_RECURSION = YES;
				CLANG_WARN_INT_CONVERSION = YES;
				CLANG_WARN_NON_LITERAL_NULL_CONVERSION = YES;
				CLANG_WARN_OBJC_IMPLICIT_RETAIN_SELF = YES;
				CLANG_WARN_OBJC_LITERAL_CONVERSION = YES;
				CLANG_WARN_OBJC_ROOT_CLASS = YES_ERROR;
				CLANG_WARN_QUOTED_INCLUDE_IN_FRAMEWORK_HEADER = YES;
				CLANG_WARN_RANGE_LOOP_ANALYSIS = YES;
				CLANG_WARN_STRICT_PROTOTYPES = YES;
				CLANG_WARN_SUSPICIOUS_MOVE = YES;
				CLANG_WARN_UNGUARDED_AVAILABILITY = YES_AGGRESSIVE;
				CLANG_WARN_UNREACHABLE_CODE = YES;
				CLANG_WARN__DUPLICATE_METHOD_MATCH = YES;
				COPY_PHASE_STRIP = NO;
				DEBUG_INFORMATION_FORMAT = "dwarf-with-dsym";
				ENABLE_NS_ASSERTIONS = NO;
				ENABLE_STRICT_OBJC_MSGSEND = YES;
				GCC_C_LANGUAGE_STANDARD = gnu11;
				GCC_NO_COMMON_BLOCKS = YES;
				GCC_WARN_64_TO_32_BIT_CONVERSION = YES;
				GCC_WARN_ABOUT_RETURN_TYPE = YES_ERROR;
				GCC_WARN_UNDECLARED_SELECTOR = YES;
				GCC_WARN_UNINITIALIZED_AUTOS = YES_AGGRESSIVE;
				GCC_WARN_UNUSED_FUNCTION = YES;
				GCC_WARN_UNUSED_VARIABLE = YES;
				IPHONEOS_DEPLOYMENT_TARGET = 16.4;
				MTL_ENABLE_DEBUG_INFO = NO;
				MTL_FAST_MATH = YES;
				SDKROOT = iphoneos;
				SWIFT_COMPILATION_MODE = wholemodule;
				SWIFT_OPTIMIZATION_LEVEL = "-O";
				VALIDATE_PRODUCT = YES;
			};
			name = Release;
		};
		BD05290F2A4B5F1F0038855C /* Debug */ = {
			isa = XCBuildConfiguration;
			buildSettings = {
				ASSETCATALOG_COMPILER_APPICON_NAME = AppIcon;
				ASSETCATALOG_COMPILER_GLOBAL_ACCENT_COLOR_NAME = AccentColor;
				CODE_SIGN_STYLE = Automatic;
				CURRENT_PROJECT_VERSION = 1;
				DEVELOPMENT_ASSET_PATHS = "\"finalproject/Preview Content\"";
				ENABLE_PREVIEWS = YES;
				GENERATE_INFOPLIST_FILE = YES;
				INFOPLIST_KEY_UIApplicationSceneManifest_Generation = YES;
				INFOPLIST_KEY_UIApplicationSupportsIndirectInputEvents = YES;
				INFOPLIST_KEY_UILaunchScreen_Generation = YES;
				INFOPLIST_KEY_UISupportedInterfaceOrientations_iPad = "UIInterfaceOrientationPortrait UIInterfaceOrientationPortraitUpsideDown UIInterfaceOrientationLandscapeLeft UIInterfaceOrientationLandscapeRight";
				INFOPLIST_KEY_UISupportedInterfaceOrientations_iPhone = "UIInterfaceOrientationPortrait UIInterfaceOrientationLandscapeLeft UIInterfaceOrientationLandscapeRight";
				LD_RUNPATH_SEARCH_PATHS = (
					"$(inherited)",
					"@executable_path/Frameworks",
				);
				MARKETING_VERSION = 1.0;
				PRODUCT_BUNDLE_IDENTIFIER = kwk.finalproject;
				PRODUCT_NAME = "$(TARGET_NAME)";
				SWIFT_EMIT_LOC_STRINGS = YES;
				SWIFT_VERSION = 5.0;
				TARGETED_DEVICE_FAMILY = "1,2";
			};
			name = Debug;
		};
		BD0529102A4B5F1F0038855C /* Release */ = {
			isa = XCBuildConfiguration;
			buildSettings = {
				ASSETCATALOG_COMPILER_APPICON_NAME = AppIcon;
				ASSETCATALOG_COMPILER_GLOBAL_ACCENT_COLOR_NAME = AccentColor;
				CODE_SIGN_STYLE = Automatic;
				CURRENT_PROJECT_VERSION = 1;
				DEVELOPMENT_ASSET_PATHS = "\"finalproject/Preview Content\"";
				ENABLE_PREVIEWS = YES;
				GENERATE_INFOPLIST_FILE = YES;
				INFOPLIST_KEY_UIApplicationSceneManifest_Generation = YES;
				INFOPLIST_KEY_UIApplicationSupportsIndirectInputEvents = YES;
				INFOPLIST_KEY_UILaunchScreen_Generation = YES;
				INFOPLIST_KEY_UISupportedInterfaceOrientations_iPad = "UIInterfaceOrientationPortrait UIInterfaceOrientationPortraitUpsideDown UIInterfaceOrientationLandscapeLeft UIInterfaceOrientationLandscapeRight";
				INFOPLIST_KEY_UISupportedInterfaceOrientations_iPhone = "UIInterfaceOrientationPortrait UIInterfaceOrientationLandscapeLeft UIInterfaceOrientationLandscapeRight";
				LD_RUNPATH_SEARCH_PATHS = (
					"$(inherited)",
					"@executable_path/Frameworks",
				);
				MARKETING_VERSION = 1.0;
				PRODUCT_BUNDLE_IDENTIFIER = kwk.finalproject;
				PRODUCT_NAME = "$(TARGET_NAME)";
				SWIFT_EMIT_LOC_STRINGS = YES;
				SWIFT_VERSION = 5.0;
				TARGETED_DEVICE_FAMILY = "1,2";
			};
			name = Release;
		};
		BD0529122A4B5F1F0038855C /* Debug */ = {
			isa = XCBuildConfiguration;
			buildSettings = {
				ALWAYS_EMBED_SWIFT_STANDARD_LIBRARIES = YES;
				BUNDLE_LOADER = "$(TEST_HOST)";
				CODE_SIGN_STYLE = Automatic;
				CURRENT_PROJECT_VERSION = 1;
				GENERATE_INFOPLIST_FILE = YES;
				IPHONEOS_DEPLOYMENT_TARGET = 16.4;
				MARKETING_VERSION = 1.0;
				PRODUCT_BUNDLE_IDENTIFIER = kwk.finalprojectTests;
				PRODUCT_NAME = "$(TARGET_NAME)";
				SWIFT_EMIT_LOC_STRINGS = NO;
				SWIFT_VERSION = 5.0;
				TARGETED_DEVICE_FAMILY = "1,2";
				TEST_HOST = "$(BUILT_PRODUCTS_DIR)/finalproject.app/$(BUNDLE_EXECUTABLE_FOLDER_PATH)/finalproject";
			};
			name = Debug;
		};
		BD0529132A4B5F1F0038855C /* Release */ = {
			isa = XCBuildConfiguration;
			buildSettings = {
				ALWAYS_EMBED_SWIFT_STANDARD_LIBRARIES = YES;
				BUNDLE_LOADER = "$(TEST_HOST)";
				CODE_SIGN_STYLE = Automatic;
				CURRENT_PROJECT_VERSION = 1;
				GENERATE_INFOPLIST_FILE = YES;
				IPHONEOS_DEPLOYMENT_TARGET = 16.4;
				MARKETING_VERSION = 1.0;
				PRODUCT_BUNDLE_IDENTIFIER = kwk.finalprojectTests;
				PRODUCT_NAME = "$(TARGET_NAME)";
				SWIFT_EMIT_LOC_STRINGS = NO;
				SWIFT_VERSION = 5.0;
				TARGETED_DEVICE_FAMILY = "1,2";
				TEST_HOST = "$(BUILT_PRODUCTS_DIR)/finalproject.app/$(BUNDLE_EXECUTABLE_FOLDER_PATH)/finalproject";
			};
			name = Release;
		};
		BD0529152A4B5F1F0038855C /* Debug */ = {
			isa = XCBuildConfiguration;
			buildSettings = {
				ALWAYS_EMBED_SWIFT_STANDARD_LIBRARIES = YES;
				CODE_SIGN_STYLE = Automatic;
				CURRENT_PROJECT_VERSION = 1;
				GENERATE_INFOPLIST_FILE = YES;
				MARKETING_VERSION = 1.0;
				PRODUCT_BUNDLE_IDENTIFIER = kwk.finalprojectUITests;
				PRODUCT_NAME = "$(TARGET_NAME)";
				SWIFT_EMIT_LOC_STRINGS = NO;
				SWIFT_VERSION = 5.0;
				TARGETED_DEVICE_FAMILY = "1,2";
				TEST_TARGET_NAME = finalproject;
			};
			name = Debug;
		};
		BD0529162A4B5F1F0038855C /* Release */ = {
			isa = XCBuildConfiguration;
			buildSettings = {
				ALWAYS_EMBED_SWIFT_STANDARD_LIBRARIES = YES;
				CODE_SIGN_STYLE = Automatic;
				CURRENT_PROJECT_VERSION = 1;
				GENERATE_INFOPLIST_FILE = YES;
				MARKETING_VERSION = 1.0;
				PRODUCT_BUNDLE_IDENTIFIER = kwk.finalprojectUITests;
				PRODUCT_NAME = "$(TARGET_NAME)";
				SWIFT_EMIT_LOC_STRINGS = NO;
				SWIFT_VERSION = 5.0;
				TARGETED_DEVICE_FAMILY = "1,2";
				TEST_TARGET_NAME = finalproject;
			};
			name = Release;
		};
/* End XCBuildConfiguration section */

/* Begin XCConfigurationList section */
		BD0528E52A4B5F1E0038855C /* Build configuration list for PBXProject "finalproject" */ = {
			isa = XCConfigurationList;
			buildConfigurations = (
				BD05290C2A4B5F1F0038855C /* Debug */,
				BD05290D2A4B5F1F0038855C /* Release */,
			);
			defaultConfigurationIsVisible = 0;
			defaultConfigurationName = Release;
		};
		BD05290E2A4B5F1F0038855C /* Build configuration list for PBXNativeTarget "finalproject" */ = {
			isa = XCConfigurationList;
			buildConfigurations = (
				BD05290F2A4B5F1F0038855C /* Debug */,
				BD0529102A4B5F1F0038855C /* Release */,
			);
			defaultConfigurationIsVisible = 0;
			defaultConfigurationName = Release;
		};
		BD0529112A4B5F1F0038855C /* Build configuration list for PBXNativeTarget "finalprojectTests" */ = {
			isa = XCConfigurationList;
			buildConfigurations = (
				BD0529122A4B5F1F0038855C /* Debug */,
				BD0529132A4B5F1F0038855C /* Release */,
			);
			defaultConfigurationIsVisible = 0;
			defaultConfigurationName = Release;
		};
		BD0529142A4B5F1F0038855C /* Build configuration list for PBXNativeTarget "finalprojectUITests" */ = {
			isa = XCConfigurationList;
			buildConfigurations = (
				BD0529152A4B5F1F0038855C /* Debug */,
				BD0529162A4B5F1F0038855C /* Release */,
			);
			defaultConfigurationIsVisible = 0;
			defaultConfigurationName = Release;
		};
/* End XCConfigurationList section */
	};
	rootObject = BD0528E22A4B5F1E0038855C /* Project object */;
}
